
Microsoft Visual Studio Solution File, Format Version 12.00
# Visual Studio 15
VisualStudioVersion = 15.0.27428.2005
MinimumVisualStudioVersion = 10.0.40219.1
Project("{FAE04EC0-301F-11D3-BF4B-00C04F79EFBC}") = "Millenium.Domain", "Millenium.Domain.csproj", "{90DD9785-CD3D-43FA-9A4A-5E2E5C748E39}"
EndProject
Global
	GlobalSection(SolutionConfigurationPlatforms) = preSolution
		Debug|Any CPU = Debug|Any CPU
		Release|Any CPU = Release|Any CPU
	EndGlobalSection
	GlobalSection(ProjectConfigurationPlatforms) = postSolution
		{90DD9785-CD3D-43FA-9A4A-5E2E5C748E39}.Debug|Any CPU.ActiveCfg = Debug|Any CPU
		{90DD9785-CD3D-43FA-9A4A-5E2E5C748E39}.Debug|Any CPU.Build.0 = Debug|Any CPU
		{90DD9785-CD3D-43FA-9A4A-5E2E5C748E39}.Release|Any CPU.ActiveCfg = Release|Any CPU
		{90DD9785-CD3D-43FA-9A4A-5E2E5C748E39}.Release|Any CPU.Build.0 = Release|Any CPU
	EndGlobalSection
	GlobalSection(SolutionProperties) = preSolution
		HideSolutionNode = FALSE
	EndGlobalSection
	GlobalSection(ExtensibilityGlobals) = postSolution
		SolutionGuid = {59B2DB58-8153-40DF-A2E9-2646E0289119}
	EndGlobalSection
EndGlobal
